
Microsoft Visual Studio Solution File, Format Version 12.00
# Visual Studio Version 16
VisualStudioVersion = 16.0.29201.188
MinimumVisualStudioVersion = 10.0.40219.1
Project("{FAE04EC0-301F-11D3-BF4B-00C04F79EFBC}") = "shell", "shell\shell.csproj", "{4F7A5255-8519-4C76-895D-19C19215ED29}"
EndProject
Project("{FAE04EC0-301F-11D3-BF4B-00C04F79EFBC}") = "core", "core\core.csproj", "{E6AB9634-1511-49BA-BC6D-629BCA5CF326}"
EndProject
Global
	GlobalSection(SolutionConfigurationPlatforms) = preSolution
		Debug|Any CPU = Debug|Any CPU
		Release|Any CPU = Release|Any CPU
	EndGlobalSection
	GlobalSection(ProjectConfigurationPlatforms) = postSolution
		{4F7A5255-8519-4C76-895D-19C19215ED29}.Debug|Any CPU.ActiveCfg = Debug|Any CPU
		{4F7A5255-8519-4C76-895D-19C19215ED29}.Debug|Any CPU.Build.0 = Debug|Any CPU
		{4F7A5255-8519-4C76-895D-19C19215ED29}.Release|Any CPU.ActiveCfg = Release|Any CPU
		{4F7A5255-8519-4C76-895D-19C19215ED29}.Release|Any CPU.Build.0 = Release|Any CPU
		{E6AB9634-1511-49BA-BC6D-629BCA5CF326}.Debug|Any CPU.ActiveCfg = Debug|Any CPU
		{E6AB9634-1511-49BA-BC6D-629BCA5CF326}.Debug|Any CPU.Build.0 = Debug|Any CPU
		{E6AB9634-1511-49BA-BC6D-629BCA5CF326}.Release|Any CPU.ActiveCfg = Release|Any CPU
		{E6AB9634-1511-49BA-BC6D-629BCA5CF326}.Release|Any CPU.Build.0 = Release|Any CPU
	EndGlobalSection
	GlobalSection(SolutionProperties) = preSolution
		HideSolutionNode = FALSE
	EndGlobalSection
	GlobalSection(ExtensibilityGlobals) = postSolution
		SolutionGuid = {11491D45-C0EE-473D-B725-18930CB135D2}
	EndGlobalSection
EndGlobal
